
Microsoft Visual Studio Solution File, Format Version 12.00
# Visual Studio 14
VisualStudioVersion = 14.0.25420.1
MinimumVisualStudioVersion = 10.0.40219.1
Project("{FAE04EC0-301F-11D3-BF4B-00C04F79EFBC}") = "DauTiengServer", "DauTiengServer\DauTiengServer.csproj", "{35DF8599-D114-405F-A730-61FF85313E01}"
EndProject
Project("{FAE04EC0-301F-11D3-BF4B-00C04F79EFBC}") = "System.Windows.Forms.Ribbon35", "System.Windows.Forms.Ribbon\System.Windows.Forms.Ribbon35.csproj", "{46A18A55-5AE8-49CE-91CD-C7421B642E7E}"
EndProject
Project("{FAE04EC0-301F-11D3-BF4B-00C04F79EFBC}") = "DauTiengClient", "DauTiengClient\DauTiengClient.csproj", "{DEDEA0A1-FF53-44EF-9AD8-B36A65551716}"
EndProject
Project("{FAE04EC0-301F-11D3-BF4B-00C04F79EFBC}") = "FileBrowser", "FileBrowser\FileBrowser.csproj", "{FC8064DF-B0BC-4D03-B1AE-077F3387412C}"
EndProject
Project("{FAE04EC0-301F-11D3-BF4B-00C04F79EFBC}") = "QuanLyDuLieu", "QuanLyDuLieu\QuanLyDuLieu.csproj", "{C75C28AC-7974-49AF-8C90-8ACC4DF1260F}"
EndProject
Global
	GlobalSection(SolutionConfigurationPlatforms) = preSolution
		Debug|Any CPU = Debug|Any CPU
		Release|Any CPU = Release|Any CPU
	EndGlobalSection
	GlobalSection(ProjectConfigurationPlatforms) = postSolution
		{35DF8599-D114-405F-A730-61FF85313E01}.Debug|Any CPU.ActiveCfg = Debug|Any CPU
		{35DF8599-D114-405F-A730-61FF85313E01}.Debug|Any CPU.Build.0 = Debug|Any CPU
		{35DF8599-D114-405F-A730-61FF85313E01}.Release|Any CPU.ActiveCfg = Release|Any CPU
		{35DF8599-D114-405F-A730-61FF85313E01}.Release|Any CPU.Build.0 = Release|Any CPU
		{46A18A55-5AE8-49CE-91CD-C7421B642E7E}.Debug|Any CPU.ActiveCfg = Debug|Any CPU
		{46A18A55-5AE8-49CE-91CD-C7421B642E7E}.Debug|Any CPU.Build.0 = Debug|Any CPU
		{46A18A55-5AE8-49CE-91CD-C7421B642E7E}.Release|Any CPU.ActiveCfg = Release|Any CPU
		{46A18A55-5AE8-49CE-91CD-C7421B642E7E}.Release|Any CPU.Build.0 = Release|Any CPU
		{DEDEA0A1-FF53-44EF-9AD8-B36A65551716}.Debug|Any CPU.ActiveCfg = Debug|Any CPU
		{DEDEA0A1-FF53-44EF-9AD8-B36A65551716}.Debug|Any CPU.Build.0 = Debug|Any CPU
		{DEDEA0A1-FF53-44EF-9AD8-B36A65551716}.Release|Any CPU.ActiveCfg = Release|Any CPU
		{DEDEA0A1-FF53-44EF-9AD8-B36A65551716}.Release|Any CPU.Build.0 = Release|Any CPU
		{FC8064DF-B0BC-4D03-B1AE-077F3387412C}.Debug|Any CPU.ActiveCfg = Debug|Any CPU
		{FC8064DF-B0BC-4D03-B1AE-077F3387412C}.Debug|Any CPU.Build.0 = Debug|Any CPU
		{FC8064DF-B0BC-4D03-B1AE-077F3387412C}.Release|Any CPU.ActiveCfg = Release|Any CPU
		{FC8064DF-B0BC-4D03-B1AE-077F3387412C}.Release|Any CPU.Build.0 = Release|Any CPU
		{C75C28AC-7974-49AF-8C90-8ACC4DF1260F}.Debug|Any CPU.ActiveCfg = Debug|Any CPU
		{C75C28AC-7974-49AF-8C90-8ACC4DF1260F}.Debug|Any CPU.Build.0 = Debug|Any CPU
		{C75C28AC-7974-49AF-8C90-8ACC4DF1260F}.Release|Any CPU.ActiveCfg = Release|Any CPU
		{C75C28AC-7974-49AF-8C90-8ACC4DF1260F}.Release|Any CPU.Build.0 = Release|Any CPU
	EndGlobalSection
	GlobalSection(SolutionProperties) = preSolution
		HideSolutionNode = FALSE
	EndGlobalSection
EndGlobal
